
Microsoft Visual Studio Solution File, Format Version 12.00
# Visual Studio Version 16
VisualStudioVersion = 16.0.29806.167
MinimumVisualStudioVersion = 10.0.40219.1
Project("{FAE04EC0-301F-11D3-BF4B-00C04F79EFBC}") = "SampleAppCICD", "SampleAppCICD\SampleAppCICD.csproj", "{89FB1032-3D9F-4606-9E0F-D7C0DC744F2F}"
EndProject
Global
	GlobalSection(SolutionConfigurationPlatforms) = preSolution
		Debug|Any CPU = Debug|Any CPU
		Release|Any CPU = Release|Any CPU
	EndGlobalSection
	GlobalSection(ProjectConfigurationPlatforms) = postSolution
		{89FB1032-3D9F-4606-9E0F-D7C0DC744F2F}.Debug|Any CPU.ActiveCfg = Debug|Any CPU
		{89FB1032-3D9F-4606-9E0F-D7C0DC744F2F}.Debug|Any CPU.Build.0 = Debug|Any CPU
		{89FB1032-3D9F-4606-9E0F-D7C0DC744F2F}.Release|Any CPU.ActiveCfg = Release|Any CPU
		{89FB1032-3D9F-4606-9E0F-D7C0DC744F2F}.Release|Any CPU.Build.0 = Release|Any CPU
	EndGlobalSection
	GlobalSection(SolutionProperties) = preSolution
		HideSolutionNode = FALSE
	EndGlobalSection
	GlobalSection(ExtensibilityGlobals) = postSolution
		SolutionGuid = {B65962BF-8793-4443-B343-A4EFDCAF65E5}
	EndGlobalSection
EndGlobal
